// !$*UTF8*$!
{
	archiveVersion = 1;
	classes = {
	};
	objectVersion = 50;
	objects = {

/* Begin PBXBuildFile section */
		B803DCDB24E5569500192396 /* AppDelegate.swift in Sources */ = {isa = PBXBuildFile; fileRef = B803DCDA24E5569500192396 /* AppDelegate.swift */; };
		B803DCDD24E5569500192396 /* SceneDelegate.swift in Sources */ = {isa = PBXBuildFile; fileRef = B803DCDC24E5569500192396 /* SceneDelegate.swift */; };
		B803DCDF24E5569500192396 /* ViewController.swift in Sources */ = {isa = PBXBuildFile; fileRef = B803DCDE24E5569500192396 /* ViewController.swift */; };
		B803DCE224E5569500192396 /* Main.storyboard in Resources */ = {isa = PBXBuildFile; fileRef = B803DCE024E5569500192396 /* Main.storyboard */; };
		B803DCE524E5569500192396 /* PomodoroToDo.xcdatamodeld in Sources */ = {isa = PBXBuildFile; fileRef = B803DCE324E5569500192396 /* PomodoroToDo.xcdatamodeld */; };
		B803DCE724E5569600192396 /* Assets.xcassets in Resources */ = {isa = PBXBuildFile; fileRef = B803DCE624E5569600192396 /* Assets.xcassets */; };
		B803DCEA24E5569600192396 /* LaunchScreen.storyboard in Resources */ = {isa = PBXBuildFile; fileRef = B803DCE824E5569600192396 /* LaunchScreen.storyboard */; };
		B803DCF524E5569600192396 /* PomodoroToDoTests.swift in Sources */ = {isa = PBXBuildFile; fileRef = B803DCF424E5569600192396 /* PomodoroToDoTests.swift */; };
		B803DD0024E5569600192396 /* PomodoroToDoUITests.swift in Sources */ = {isa = PBXBuildFile; fileRef = B803DCFF24E5569600192396 /* PomodoroToDoUITests.swift */; };
/* End PBXBuildFile section */

/* Begin PBXContainerItemProxy section */
		B803DCF124E5569600192396 /* PBXContainerItemProxy */ = {
			isa = PBXContainerItemProxy;
			containerPortal = B803DCCF24E5569500192396 /* Project object */;
			proxyType = 1;
			remoteGlobalIDString = B803DCD624E5569500192396;
			remoteInfo = PomodoroToDo;
		};
		B803DCFC24E5569600192396 /* PBXContainerItemProxy */ = {
			isa = PBXContainerItemProxy;
			containerPortal = B803DCCF24E5569500192396 /* Project object */;
			proxyType = 1;
			remoteGlobalIDString = B803DCD624E5569500192396;
			remoteInfo = PomodoroToDo;
		};
/* End PBXContainerItemProxy section */

/* Begin PBXFileReference section */
		B803DCD724E5569500192396 /* PomodoroToDo.app */ = {isa = PBXFileReference; explicitFileType = wrapper.application; includeInIndex = 0; path = PomodoroToDo.app; sourceTree = BUILT_PRODUCTS_DIR; };
		B803DCDA24E5569500192396 /* AppDelegate.swift */ = {isa = PBXFileReference; lastKnownFileType = sourcecode.swift; path = AppDelegate.swift; sourceTree = "<group>"; };
		B803DCDC24E5569500192396 /* SceneDelegate.swift */ = {isa = PBXFileReference; lastKnownFileType = sourcecode.swift; path = SceneDelegate.swift; sourceTree = "<group>"; };
		B803DCDE24E5569500192396 /* ViewController.swift */ = {isa = PBXFileReference; lastKnownFileType = sourcecode.swift; path = ViewController.swift; sourceTree = "<group>"; };
		B803DCE124E5569500192396 /* Base */ = {isa = PBXFileReference; lastKnownFileType = file.storyboard; name = Base; path = Base.lproj/Main.storyboard; sourceTree = "<group>"; };
		B803DCE424E5569500192396 /* PomodoroToDo.xcdatamodel */ = {isa = PBXFileReference; lastKnownFileType = wrapper.xcdatamodel; path = PomodoroToDo.xcdatamodel; sourceTree = "<group>"; };
		B803DCE624E5569600192396 /* Assets.xcassets */ = {isa = PBXFileReference; lastKnownFileType = folder.assetcatalog; path = Assets.xcassets; sourceTree = "<group>"; };
		B803DCE924E5569600192396 /* Base */ = {isa = PBXFileReference; lastKnownFileType = file.storyboard; name = Base; path = Base.lproj/LaunchScreen.storyboard; sourceTree = "<group>"; };
		B803DCEB24E5569600192396 /* Info.plist */ = {isa = PBXFileReference; lastKnownFileType = text.plist.xml; path = Info.plist; sourceTree = "<group>"; };
		B803DCF024E5569600192396 /* PomodoroToDoTests.xctest */ = {isa = PBXFileReference; explicitFileType = wrapper.cfbundle; includeInIndex = 0; path = PomodoroToDoTests.xctest; sourceTree = BUILT_PRODUCTS_DIR; };
		B803DCF424E5569600192396 /* PomodoroToDoTests.swift */ = {isa = PBXFileReference; lastKnownFileType = sourcecode.swift; path = PomodoroToDoTests.swift; sourceTree = "<group>"; };
		B803DCF624E5569600192396 /* Info.plist */ = {isa = PBXFileReference; lastKnownFileType = text.plist.xml; path = Info.plist; sourceTree = "<group>"; };
		B803DCFB24E5569600192396 /* PomodoroToDoUITests.xctest */ = {isa = PBXFileReference; explicitFileType = wrapper.cfbundle; includeInIndex = 0; path = PomodoroToDoUITests.xctest; sourceTree = BUILT_PRODUCTS_DIR; };
		B803DCFF24E5569600192396 /* PomodoroToDoUITests.swift */ = {isa = PBXFileReference; lastKnownFileType = sourcecode.swift; path = PomodoroToDoUITests.swift; sourceTree = "<group>"; };
		B803DD0124E5569600192396 /* Info.plist */ = {isa = PBXFileReference; lastKnownFileType = text.plist.xml; path = Info.plist; sourceTree = "<group>"; };
/* End PBXFileReference section */

/* Begin PBXFrameworksBuildPhase section */
		B803DCD424E5569500192396 /* Frameworks */ = {
			isa = PBXFrameworksBuildPhase;
			buildActionMask = 2147483647;
			files = (
			);
			runOnlyForDeploymentPostprocessing = 0;
		};
		B803DCED24E5569600192396 /* Frameworks */ = {
			isa = PBXFrameworksBuildPhase;
			buildActionMask = 2147483647;
			files = (
			);
			runOnlyForDeploymentPostprocessing = 0;
		};
		B803DCF824E5569600192396 /* Frameworks */ = {
			isa = PBXFrameworksBuildPhase;
			buildActionMask = 2147483647;
			files = (
			);
			runOnlyForDeploymentPostprocessing = 0;
		};
/* End PBXFrameworksBuildPhase section */

/* Begin PBXGroup section */
		B803DCCE24E5569500192396 = {
			isa = PBXGroup;
			children = (
				B803DCD924E5569500192396 /* PomodoroToDo */,
				B803DCF324E5569600192396 /* PomodoroToDoTests */,
				B803DCFE24E5569600192396 /* PomodoroToDoUITests */,
				B803DCD824E5569500192396 /* Products */,
			);
			sourceTree = "<group>";
		};
		B803DCD824E5569500192396 /* Products */ = {
			isa = PBXGroup;
			children = (
				B803DCD724E5569500192396 /* PomodoroToDo.app */,
				B803DCF024E5569600192396 /* PomodoroToDoTests.xctest */,
				B803DCFB24E5569600192396 /* PomodoroToDoUITests.xctest */,
			);
			name = Products;
			sourceTree = "<group>";
		};
		B803DCD924E5569500192396 /* PomodoroToDo */ = {
			isa = PBXGroup;
			children = (
				B803DCDA24E5569500192396 /* AppDelegate.swift */,
				B803DCDC24E5569500192396 /* SceneDelegate.swift */,
				B803DCDE24E5569500192396 /* ViewController.swift */,
				B803DCE024E5569500192396 /* Main.storyboard */,
				B803DCE624E5569600192396 /* Assets.xcassets */,
				B803DCE824E5569600192396 /* LaunchScreen.storyboard */,
				B803DCEB24E5569600192396 /* Info.plist */,
				B803DCE324E5569500192396 /* PomodoroToDo.xcdatamodeld */,
			);
			path = PomodoroToDo;
			sourceTree = "<group>";
		};
		B803DCF324E5569600192396 /* PomodoroToDoTests */ = {
			isa = PBXGroup;
			children = (
				B803DCF424E5569600192396 /* PomodoroToDoTests.swift */,
				B803DCF624E5569600192396 /* Info.plist */,
			);
			path = PomodoroToDoTests;
			sourceTree = "<group>";
		};
		B803DCFE24E5569600192396 /* PomodoroToDoUITests */ = {
			isa = PBXGroup;
			children = (
				B803DCFF24E5569600192396 /* PomodoroToDoUITests.swift */,
				B803DD0124E5569600192396 /* Info.plist */,
			);
			path = PomodoroToDoUITests;
			sourceTree = "<group>";
		};
/* End PBXGroup section */

/* Begin PBXNativeTarget section */
		B803DCD624E5569500192396 /* PomodoroToDo */ = {
			isa = PBXNativeTarget;
			buildConfigurationList = B803DD0424E5569600192396 /* Build configuration list for PBXNativeTarget "PomodoroToDo" */;
			buildPhases = (
				B803DCD324E5569500192396 /* Sources */,
				B803DCD424E5569500192396 /* Frameworks */,
				B803DCD524E5569500192396 /* Resources */,
			);
			buildRules = (
			);
			dependencies = (
			);
			name = PomodoroToDo;
			productName = PomodoroToDo;
			productReference = B803DCD724E5569500192396 /* PomodoroToDo.app */;
			productType = "com.apple.product-type.application";
		};
		B803DCEF24E5569600192396 /* PomodoroToDoTests */ = {
			isa = PBXNativeTarget;
			buildConfigurationList = B803DD0724E5569600192396 /* Build configuration list for PBXNativeTarget "PomodoroToDoTests" */;
			buildPhases = (
				B803DCEC24E5569600192396 /* Sources */,
				B803DCED24E5569600192396 /* Frameworks */,
				B803DCEE24E5569600192396 /* Resources */,
			);
			buildRules = (
			);
			dependencies = (
				B803DCF224E5569600192396 /* PBXTargetDependency */,
			);
			name = PomodoroToDoTests;
			productName = PomodoroToDoTests;
			productReference = B803DCF024E5569600192396 /* PomodoroToDoTests.xctest */;
			productType = "com.apple.product-type.bundle.unit-test";
		};
		B803DCFA24E5569600192396 /* PomodoroToDoUITests */ = {
			isa = PBXNativeTarget;
			buildConfigurationList = B803DD0A24E5569600192396 /* Build configuration list for PBXNativeTarget "PomodoroToDoUITests" */;
			buildPhases = (
				B803DCF724E5569600192396 /* Sources */,
				B803DCF824E5569600192396 /* Frameworks */,
				B803DCF924E5569600192396 /* Resources */,
			);
			buildRules = (
			);
			dependencies = (
				B803DCFD24E5569600192396 /* PBXTargetDependency */,
			);
			name = PomodoroToDoUITests;
			productName = PomodoroToDoUITests;
			productReference = B803DCFB24E5569600192396 /* PomodoroToDoUITests.xctest */;
			productType = "com.apple.product-type.bundle.ui-testing";
		};
/* End PBXNativeTarget section */

/* Begin PBXProject section */
		B803DCCF24E5569500192396 /* Project object */ = {
			isa = PBXProject;
			attributes = {
				LastSwiftUpdateCheck = 1150;
				LastUpgradeCheck = 1150;
				ORGANIZATIONNAME = "Brian Alldred";
				TargetAttributes = {
					B803DCD624E5569500192396 = {
						CreatedOnToolsVersion = 11.5;
					};
					B803DCEF24E5569600192396 = {
						CreatedOnToolsVersion = 11.5;
						TestTargetID = B803DCD624E5569500192396;
					};
					B803DCFA24E5569600192396 = {
						CreatedOnToolsVersion = 11.5;
						TestTargetID = B803DCD624E5569500192396;
					};
				};
			};
			buildConfigurationList = B803DCD224E5569500192396 /* Build configuration list for PBXProject "PomodoroToDo" */;
			compatibilityVersion = "Xcode 9.3";
			developmentRegion = en;
			hasScannedForEncodings = 0;
			knownRegions = (
				en,
				Base,
			);
			mainGroup = B803DCCE24E5569500192396;
			productRefGroup = B803DCD824E5569500192396 /* Products */;
			projectDirPath = "";
			projectRoot = "";
			targets = (
				B803DCD624E5569500192396 /* PomodoroToDo */,
				B803DCEF24E5569600192396 /* PomodoroToDoTests */,
				B803DCFA24E5569600192396 /* PomodoroToDoUITests */,
			);
		};
/* End PBXProject section */

/* Begin PBXResourcesBuildPhase section */
		B803DCD524E5569500192396 /* Resources */ = {
			isa = PBXResourcesBuildPhase;
			buildActionMask = 2147483647;
			files = (
				B803DCEA24E5569600192396 /* LaunchScreen.storyboard in Resources */,
				B803DCE724E5569600192396 /* Assets.xcassets in Resources */,
				B803DCE224E5569500192396 /* Main.storyboard in Resources */,
			);
			runOnlyForDeploymentPostprocessing = 0;
		};
		B803DCEE24E5569600192396 /* Resources */ = {
			isa = PBXResourcesBuildPhase;
			buildActionMask = 2147483647;
			files = (
			);
			runOnlyForDeploymentPostprocessing = 0;
		};
		B803DCF924E5569600192396 /* Resources */ = {
			isa = PBXResourcesBuildPhase;
			buildActionMask = 2147483647;
			files = (
			);
			runOnlyForDeploymentPostprocessing = 0;
		};
/* End PBXResourcesBuildPhase section */

/* Begin PBXSourcesBuildPhase section */
		B803DCD324E5569500192396 /* Sources */ = {
			isa = PBXSourcesBuildPhase;
			buildActionMask = 2147483647;
			files = (
				B803DCDF24E5569500192396 /* ViewController.swift in Sources */,
				B803DCDB24E5569500192396 /* AppDelegate.swift in Sources */,
				B803DCE524E5569500192396 /* PomodoroToDo.xcdatamodeld in Sources */,
				B803DCDD24E5569500192396 /* SceneDelegate.swift in Sources */,
			);
			runOnlyForDeploymentPostprocessing = 0;
		};
		B803DCEC24E5569600192396 /* Sources */ = {
			isa = PBXSourcesBuildPhase;
			buildActionMask = 2147483647;
			files = (
				B803DCF524E5569600192396 /* PomodoroToDoTests.swift in Sources */,
			);
			runOnlyForDeploymentPostprocessing = 0;
		};
		B803DCF724E5569600192396 /* Sources */ = {
			isa = PBXSourcesBuildPhase;
			buildActionMask = 2147483647;
			files = (
				B803DD0024E5569600192396 /* PomodoroToDoUITests.swift in Sources */,
			);
			runOnlyForDeploymentPostprocessing = 0;
		};
/* End PBXSourcesBuildPhase section */

/* Begin PBXTargetDependency section */
		B803DCF224E5569600192396 /* PBXTargetDependency */ = {
			isa = PBXTargetDependency;
			target = B803DCD624E5569500192396 /* PomodoroToDo */;
			targetProxy = B803DCF124E5569600192396 /* PBXContainerItemProxy */;
		};
		B803DCFD24E5569600192396 /* PBXTargetDependency */ = {
			isa = PBXTargetDependency;
			target = B803DCD624E5569500192396 /* PomodoroToDo */;
			targetProxy = B803DCFC24E5569600192396 /* PBXContainerItemProxy */;
		};
/* End PBXTargetDependency section */

/* Begin PBXVariantGroup section */
		B803DCE024E5569500192396 /* Main.storyboard */ = {
			isa = PBXVariantGroup;
			children = (
				B803DCE124E5569500192396 /* Base */,
			);
			name = Main.storyboard;
			sourceTree = "<group>";
		};
		B803DCE824E5569600192396 /* LaunchScreen.storyboard */ = {
			isa = PBXVariantGroup;
			children = (
				B803DCE924E5569600192396 /* Base */,
			);
			name = LaunchScreen.storyboard;
			sourceTree = "<group>";
		};
/* End PBXVariantGroup section */

/* Begin XCBuildConfiguration section */
		B803DD0224E5569600192396 /* Debug */ = {
			isa = XCBuildConfiguration;
			buildSettings = {
				ALWAYS_SEARCH_USER_PATHS = NO;
				CLANG_ANALYZER_NONNULL = YES;
				CLANG_ANALYZER_NUMBER_OBJECT_CONVERSION = YES_AGGRESSIVE;
				CLANG_CXX_LANGUAGE_STANDARD = "gnu++14";
				CLANG_CXX_LIBRARY = "libc++";
				CLANG_ENABLE_MODULES = YES;
				CLANG_ENABLE_OBJC_ARC = YES;
				CLANG_ENABLE_OBJC_WEAK = YES;
				CLANG_WARN_BLOCK_CAPTURE_AUTORELEASING = YES;
				CLANG_WARN_BOOL_CONVERSION = YES;
				CLANG_WARN_COMMA = YES;
				CLANG_WARN_CONSTANT_CONVERSION = YES;
				CLANG_WARN_DEPRECATED_OBJC_IMPLEMENTATIONS = YES;
				CLANG_WARN_DIRECT_OBJC_ISA_USAGE = YES_ERROR;
				CLANG_WARN_DOCUMENTATION_COMMENTS = YES;
				CLANG_WARN_EMPTY_BODY = YES;
				CLANG_WARN_ENUM_CONVERSION = YES;
				CLANG_WARN_INFINITE_RECURSION = YES;
				CLANG_WARN_INT_CONVERSION = YES;
				CLANG_WARN_NON_LITERAL_NULL_CONVERSION = YES;
				CLANG_WARN_OBJC_IMPLICIT_RETAIN_SELF = YES;
				CLANG_WARN_OBJC_LITERAL_CONVERSION = YES;
				CLANG_WARN_OBJC_ROOT_CLASS = YES_ERROR;
				CLANG_WARN_RANGE_LOOP_ANALYSIS = YES;
				CLANG_WARN_STRICT_PROTOTYPES = YES;
				CLANG_WARN_SUSPICIOUS_MOVE = YES;
				CLANG_WARN_UNGUARDED_AVAILABILITY = YES_AGGRESSIVE;
				CLANG_WARN_UNREACHABLE_CODE = YES;
				CLANG_WARN__DUPLICATE_METHOD_MATCH = YES;
				COPY_PHASE_STRIP = NO;
				DEBUG_INFORMATION_FORMAT = dwarf;
				ENABLE_STRICT_OBJC_MSGSEND = YES;
				ENABLE_TESTABILITY = YES;
				GCC_C_LANGUAGE_STANDARD = gnu11;
				GCC_DYNAMIC_NO_PIC = NO;
				GCC_NO_COMMON_BLOCKS = YES;
				GCC_OPTIMIZATION_LEVEL = 0;
				GCC_PREPROCESSOR_DEFINITIONS = (
					"DEBUG=1",
					"$(inherited)",
				);
				GCC_WARN_64_TO_32_BIT_CONVERSION = YES;
				GCC_WARN_ABOUT_RETURN_TYPE = YES_ERROR;
				GCC_WARN_UNDECLARED_SELECTOR = YES;
				GCC_WARN_UNINITIALIZED_AUTOS = YES_AGGRESSIVE;
				GCC_WARN_UNUSED_FUNCTION = YES;
				GCC_WARN_UNUSED_VARIABLE = YES;
				IPHONEOS_DEPLOYMENT_TARGET = 13.5;
				MTL_ENABLE_DEBUG_INFO = INCLUDE_SOURCE;
				MTL_FAST_MATH = YES;
				ONLY_ACTIVE_ARCH = YES;
				SDKROOT = iphoneos;
				SWIFT_ACTIVE_COMPILATION_CONDITIONS = DEBUG;
				SWIFT_OPTIMIZATION_LEVEL = "-Onone";
			};
			name = Debug;
		};
		B803DD0324E5569600192396 /* Release */ = {
			isa = XCBuildConfiguration;
			buildSettings = {
				ALWAYS_SEARCH_USER_PATHS = NO;
				CLANG_ANALYZER_NONNULL = YES;
				CLANG_ANALYZER_NUMBER_OBJECT_CONVERSION = YES_AGGRESSIVE;
				CLANG_CXX_LANGUAGE_STANDARD = "gnu++14";
				CLANG_CXX_LIBRARY = "libc++";
				CLANG_ENABLE_MODULES = YES;
				CLANG_ENABLE_OBJC_ARC = YES;
				CLANG_ENABLE_OBJC_WEAK = YES;
				CLANG_WARN_BLOCK_CAPTURE_AUTORELEASING = YES;
				CLANG_WARN_BOOL_CONVERSION = YES;
				CLANG_WARN_COMMA = YES;
				CLANG_WARN_CONSTANT_CONVERSION = YES;
				CLANG_WARN_DEPRECATED_OBJC_IMPLEMENTATIONS = YES;
				CLANG_WARN_DIRECT_OBJC_ISA_USAGE = YES_ERROR;
				CLANG_WARN_DOCUMENTATION_COMMENTS = YES;
				CLANG_WARN_EMPTY_BODY = YES;
				CLANG_WARN_ENUM_CONVERSION = YES;
				CLANG_WARN_INFINITE_RECURSION = YES;
				CLANG_WARN_INT_CONVERSION = YES;
				CLANG_WARN_NON_LITERAL_NULL_CONVERSION = YES;
				CLANG_WARN_OBJC_IMPLICIT_RETAIN_SELF = YES;
				CLANG_WARN_OBJC_LITERAL_CONVERSION = YES;
				CLANG_WARN_OBJC_ROOT_CLASS = YES_ERROR;
				CLANG_WARN_RANGE_LOOP_ANALYSIS = YES;
				CLANG_WARN_STRICT_PROTOTYPES = YES;
				CLANG_WARN_SUSPICIOUS_MOVE = YES;
				CLANG_WARN_UNGUARDED_AVAILABILITY = YES_AGGRESSIVE;
				CLANG_WARN_UNREACHABLE_CODE = YES;
				CLANG_WARN__DUPLICATE_METHOD_MATCH = YES;
				COPY_PHASE_STRIP = NO;
				DEBUG_INFORMATION_FORMAT = "dwarf-with-dsym";
				ENABLE_NS_ASSERTIONS = NO;
				ENABLE_STRICT_OBJC_MSGSEND = YES;
				GCC_C_LANGUAGE_STANDARD = gnu11;
				GCC_NO_COMMON_BLOCKS = YES;
				GCC_WARN_64_TO_32_BIT_CONVERSION = YES;
				GCC_WARN_ABOUT_RETURN_TYPE = YES_ERROR;
				GCC_WARN_UNDECLARED_SELECTOR = YES;
				GCC_WARN_UNINITIALIZED_AUTOS = YES_AGGRESSIVE;
				GCC_WARN_UNUSED_FUNCTION = YES;
				GCC_WARN_UNUSED_VARIABLE = YES;
				IPHONEOS_DEPLOYMENT_TARGET = 13.5;
				MTL_ENABLE_DEBUG_INFO = NO;
				MTL_FAST_MATH = YES;
				SDKROOT = iphoneos;
				SWIFT_COMPILATION_MODE = wholemodule;
				SWIFT_OPTIMIZATION_LEVEL = "-O";
				VALIDATE_PRODUCT = YES;
			};
			name = Release;
		};
		B803DD0524E5569600192396 /* Debug */ = {
			isa = XCBuildConfiguration;
			buildSettings = {
				ASSETCATALOG_COMPILER_APPICON_NAME = AppIcon;
				CODE_SIGN_STYLE = Automatic;
				INFOPLIST_FILE = PomodoroToDo/Info.plist;
				LD_RUNPATH_SEARCH_PATHS = (
					"$(inherited)",
					"@executable_path/Frameworks",
				);
				PRODUCT_BUNDLE_IDENTIFIER = com.brianalldred.PomodoroToDo;
				PRODUCT_NAME = "$(TARGET_NAME)";
				SWIFT_VERSION = 5.0;
				TARGETED_DEVICE_FAMILY = "1,2";
			};
			name = Debug;
		};
		B803DD0624E5569600192396 /* Release */ = {
			isa = XCBuildConfiguration;
			buildSettings = {
				ASSETCATALOG_COMPILER_APPICON_NAME = AppIcon;
				CODE_SIGN_STYLE = Automatic;
				INFOPLIST_FILE = PomodoroToDo/Info.plist;
				LD_RUNPATH_SEARCH_PATHS = (
					"$(inherited)",
					"@executable_path/Frameworks",
				);
				PRODUCT_BUNDLE_IDENTIFIER = com.brianalldred.PomodoroToDo;
				PRODUCT_NAME = "$(TARGET_NAME)";
				SWIFT_VERSION = 5.0;
				TARGETED_DEVICE_FAMILY = "1,2";
			};
			name = Release;
		};
		B803DD0824E5569600192396 /* Debug */ = {
			isa = XCBuildConfiguration;
			buildSettings = {
				ALWAYS_EMBED_SWIFT_STANDARD_LIBRARIES = YES;
				BUNDLE_LOADER = "$(TEST_HOST)";
				CODE_SIGN_STYLE = Automatic;
				INFOPLIST_FILE = PomodoroToDoTests/Info.plist;
				IPHONEOS_DEPLOYMENT_TARGET = 13.5;
				LD_RUNPATH_SEARCH_PATHS = (
					"$(inherited)",
					"@executable_path/Frameworks",
					"@loader_path/Frameworks",
				);
				PRODUCT_BUNDLE_IDENTIFIER = com.brianalldred.PomodoroToDoTests;
				PRODUCT_NAME = "$(TARGET_NAME)";
				SWIFT_VERSION = 5.0;
				TARGETED_DEVICE_FAMILY = "1,2";
				TEST_HOST = "$(BUILT_PRODUCTS_DIR)/PomodoroToDo.app/PomodoroToDo";
			};
			name = Debug;
		};
		B803DD0924E5569600192396 /* Release */ = {
			isa = XCBuildConfiguration;
			buildSettings = {
				ALWAYS_EMBED_SWIFT_STANDARD_LIBRARIES = YES;
				BUNDLE_LOADER = "$(TEST_HOST)";
				CODE_SIGN_STYLE = Automatic;
				INFOPLIST_FILE = PomodoroToDoTests/Info.plist;
				IPHONEOS_DEPLOYMENT_TARGET = 13.5;
				LD_RUNPATH_SEARCH_PATHS = (
					"$(inherited)",
					"@executable_path/Frameworks",
					"@loader_path/Frameworks",
				);
				PRODUCT_BUNDLE_IDENTIFIER = com.brianalldred.PomodoroToDoTests;
				PRODUCT_NAME = "$(TARGET_NAME)";
				SWIFT_VERSION = 5.0;
				TARGETED_DEVICE_FAMILY = "1,2";
				TEST_HOST = "$(BUILT_PRODUCTS_DIR)/PomodoroToDo.app/PomodoroToDo";
			};
			name = Release;
		};
		B803DD0B24E5569600192396 /* Debug */ = {
			isa = XCBuildConfiguration;
			buildSettings = {
				ALWAYS_EMBED_SWIFT_STANDARD_LIBRARIES = YES;
				CODE_SIGN_STYLE = Automatic;
				INFOPLIST_FILE = PomodoroToDoUITests/Info.plist;
				LD_RUNPATH_SEARCH_PATHS = (
					"$(inherited)",
					"@executable_path/Frameworks",
					"@loader_path/Frameworks",
				);
				PRODUCT_BUNDLE_IDENTIFIER = com.brianalldred.PomodoroToDoUITests;
				PRODUCT_NAME = "$(TARGET_NAME)";
				SWIFT_VERSION = 5.0;
				TARGETED_DEVICE_FAMILY = "1,2";
				TEST_TARGET_NAME = PomodoroToDo;
			};
			name = Debug;
		};
		B803DD0C24E5569600192396 /* Release */ = {
			isa = XCBuildConfiguration;
			buildSettings = {
				ALWAYS_EMBED_SWIFT_STANDARD_LIBRARIES = YES;
				CODE_SIGN_STYLE = Automatic;
				INFOPLIST_FILE = PomodoroToDoUITests/Info.plist;
				LD_RUNPATH_SEARCH_PATHS = (
					"$(inherited)",
					"@executable_path/Frameworks",
					"@loader_path/Frameworks",
				);
				PRODUCT_BUNDLE_IDENTIFIER = com.brianalldred.PomodoroToDoUITests;
				PRODUCT_NAME = "$(TARGET_NAME)";
				SWIFT_VERSION = 5.0;
				TARGETED_DEVICE_FAMILY = "1,2";
				TEST_TARGET_NAME = PomodoroToDo;
			};
			name = Release;
		};
/* End XCBuildConfiguration section */

/* Begin XCConfigurationList section */
		B803DCD224E5569500192396 /* Build configuration list for PBXProject "PomodoroToDo" */ = {
			isa = XCConfigurationList;
			buildConfigurations = (
				B803DD0224E5569600192396 /* Debug */,
				B803DD0324E5569600192396 /* Release */,
			);
			defaultConfigurationIsVisible = 0;
			defaultConfigurationName = Release;
		};
		B803DD0424E5569600192396 /* Build configuration list for PBXNativeTarget "PomodoroToDo" */ = {
			isa = XCConfigurationList;
			buildConfigurations = (
				B803DD0524E5569600192396 /* Debug */,
				B803DD0624E5569600192396 /* Release */,
			);
			defaultConfigurationIsVisible = 0;
			defaultConfigurationName = Release;
		};
		B803DD0724E5569600192396 /* Build configuration list for PBXNativeTarget "PomodoroToDoTests" */ = {
			isa = XCConfigurationList;
			buildConfigurations = (
				B803DD0824E5569600192396 /* Debug */,
				B803DD0924E5569600192396 /* Release */,
			);
			defaultConfigurationIsVisible = 0;
			defaultConfigurationName = Release;
		};
		B803DD0A24E5569600192396 /* Build configuration list for PBXNativeTarget "PomodoroToDoUITests" */ = {
			isa = XCConfigurationList;
			buildConfigurations = (
				B803DD0B24E5569600192396 /* Debug */,
				B803DD0C24E5569600192396 /* Release */,
			);
			defaultConfigurationIsVisible = 0;
			defaultConfigurationName = Release;
		};
/* End XCConfigurationList section */

/* Begin XCVersionGroup section */
		B803DCE324E5569500192396 /* PomodoroToDo.xcdatamodeld */ = {
			isa = XCVersionGroup;
			children = (
				B803DCE424E5569500192396 /* PomodoroToDo.xcdatamodel */,
			);
			currentVersion = B803DCE424E5569500192396 /* PomodoroToDo.xcdatamodel */;
			path = PomodoroToDo.xcdatamodeld;
			sourceTree = "<group>";
			versionGroupType = wrapper.xcdatamodel;
		};
/* End XCVersionGroup section */
	};
	rootObject = B803DCCF24E5569500192396 /* Project object */;
}
